<?xml version="1.0" encoding="utf-8"?>
<Project ToolsVersion="4.0" xmlns="http://schemas.microsoft.com/developer/msbuild/2003">
  <ItemGroup>
    <Filter Include="Amber">
      <UniqueIdentifier>{8CACD40C-F8C0-FCBD-C142-A01D2D16F9EE}</UniqueIdentifier>
    </Filter>
    <Filter Include="Amber\Events">
      <UniqueIdentifier>{F042D110-DCA5-60B5-852B-996B716D2C38}</UniqueIdentifier>
    </Filter>
    <Filter Include="Amber\ImGui">
      <UniqueIdentifier>{B65A8708-2210-00FE-AB04-FAD417B9F601}</UniqueIdentifier>
    </Filter>
    <Filter Include="Platform">
      <UniqueIdentifier>{2AC788B4-1694-E3BF-3FAD-D1672BD9184E}</UniqueIdentifier>
    </Filter>
    <Filter Include="Platform\Windows">
      <UniqueIdentifier>{64FBD71A-50F4-F66C-7926-DCF1657ED678}</UniqueIdentifier>
    </Filter>
  </ItemGroup>
  <ItemGroup>
    <ClInclude Include="src\Amber.h" />
    <ClInclude Include="src\Amber\Application.h">
      <Filter>Amber</Filter>
    </ClInclude>
    <ClInclude Include="src\Amber\Core.h">
      <Filter>Amber</Filter>
    </ClInclude>
    <ClInclude Include="src\Amber\EntryPoint.h">
      <Filter>Amber</Filter>
    </ClInclude>
    <ClInclude Include="src\Amber\Events\ApplicationEvent.h">
      <Filter>Amber\Events</Filter>
    </ClInclude>
    <ClInclude Include="src\Amber\Events\Event.h">
      <Filter>Amber\Events</Filter>
    </ClInclude>
    <ClInclude Include="src\Amber\Events\KeyEvent.h">
      <Filter>Amber\Events</Filter>
    </ClInclude>
    <ClInclude Include="src\Amber\Events\MouseEvent.h">
      <Filter>Amber\Events</Filter>
    </ClInclude>
    <ClInclude Include="src\Amber\ImGui\ImGuiLayer.h">
      <Filter>Amber\ImGui</Filter>
    </ClInclude>
    <ClInclude Include="src\Amber\Input.h">
      <Filter>Amber</Filter>
    </ClInclude>
    <ClInclude Include="src\Amber\KeyCodes.h">
      <Filter>Amber</Filter>
    </ClInclude>
    <ClInclude Include="src\Amber\Layer.h">
      <Filter>Amber</Filter>
    </ClInclude>
    <ClInclude Include="src\Amber\LayerStack.h">
      <Filter>Amber</Filter>
    </ClInclude>
    <ClInclude Include="src\Amber\Log.h">
      <Filter>Amber</Filter>
    </ClInclude>
    <ClInclude Include="src\Amber\MouseButtonCodes.h">
      <Filter>Amber</Filter>
    </ClInclude>
    <ClInclude Include="src\Amber\Window.h">
      <Filter>Amber</Filter>
    </ClInclude>
    <ClInclude Include="src\Platform\Windows\WindowsInput.h">
      <Filter>Platform\Windows</Filter>
    </ClInclude>
    <ClInclude Include="src\Platform\Windows\WindowsWindow.h">
      <Filter>Platform\Windows</Filter>
    </ClInclude>
    <ClInclude Include="src\precHeaders.h" />
    <ClInclude Include="src\Platform\OpenGL\OpenGLContext.h" />
    <ClInclude Include="src\Amber\Renderer\GraphicsContext.h" />
    <ClInclude Include="src\Amber\Renderer\Shader.h" />
  </ItemGroup>
  <ItemGroup>
    <ClCompile Include="src\Amber\Application.cpp">
      <Filter>Amber</Filter>
    </ClCompile>
    <ClCompile Include="src\Amber\ImGui\ImGuiBuild.cpp">
      <Filter>Amber\ImGui</Filter>
    </ClCompile>
    <ClCompile Include="src\Amber\ImGui\ImGuiLayer.cpp">
      <Filter>Amber\ImGui</Filter>
    </ClCompile>
    <ClCompile Include="src\Amber\Layer.cpp">
      <Filter>Amber</Filter>
    </ClCompile>
    <ClCompile Include="src\Amber\LayerStack.cpp">
      <Filter>Amber</Filter>
    </ClCompile>
    <ClCompile Include="src\Amber\Log.cpp">
      <Filter>Amber</Filter>
    </ClCompile>
    <ClCompile Include="src\Platform\Windows\WindowsInput.cpp">
      <Filter>Platform\Windows</Filter>
    </ClCompile>
    <ClCompile Include="src\Platform\Windows\WindowsWindow.cpp">
      <Filter>Platform\Windows</Filter>
    </ClCompile>
    <ClCompile Include="src\precHeaders.cpp" />
    <ClCompile Include="src\Platform\OpenGL\OpenGLContext.cpp" />
    <ClCompile Include="src\Amber\Renderer\Shader.cpp" />
  </ItemGroup>
</Project>